{
  "requires": true,
  "lockfileVersion": 1,
  "dependencies": {
    "fixture-stdout": {
      "version": "0.2.1",
      "resolved": "https://registry.npmjs.org/fixture-stdout/-/fixture-stdout-0.2.1.tgz",
      "integrity": "sha1-C3lmU1q4fPA/jcvvq9rD7/4ZWiQ="
    },
    "geopoint": {
      "version": "1.0.1",
      "resolved": "https://registry.npmjs.org/geopoint/-/geopoint-1.0.1.tgz",
      "integrity": "sha1-CNsASLTLk1ut1fmiwLLiB8pLfyQ="
    }
  }
}
